{
  "name": "vanilla-esm",
  "version": "0.0.1",
  "lockfileVersion": 3,
  "requires": true,
  "packages": {
    "": {
      "name": "vanilla-esm",
      "version": "0.0.1",
      "devDependencies": {
        "afterpack": "file:../../"
      }
    },
    "../..": {
      "name": "afterpack",
      "version": "0.1.0",
      "dev": true,
      "license": "Apache-2.0",
      "dependencies": {
        "@afterpack/core": "~0.1.0",
        "@afterpack/integration-utils": "workspace:*"
      },
      "bin": {
        "afterpack": "dist/cli.js"
      },
      "devDependencies": {
        "@biomejs/biome": "2.4.4",
        "@types/node": "^22.0.0",
        "tsdown": "^0.11.0",
        "typescript": "^5.0.0",
        "vitest": "^2.0.0"
      },
      "engines": {
        "node": ">=18"
      }
    },
    "node_modules/afterpack": {
      "resolved": "../..",
      "link": true
    }
  }
}
